// !$*UTF8*$!
{
	archiveVersion = 1;
	classes = {
	};
	objectVersion = 50;
	objects = {

/* Begin PBXBuildFile section */
		FB1BFA392082698400E4A724 /* AppDelegate.swift in Sources */ = {isa = PBXBuildFile; fileRef = FB1BFA382082698400E4A724 /* AppDelegate.swift */; };
		FB1BFA3B2082698400E4A724 /* ViewController.swift in Sources */ = {isa = PBXBuildFile; fileRef = FB1BFA3A2082698400E4A724 /* ViewController.swift */; };
		FB1BFA3E2082698400E4A724 /* Main.storyboard in Resources */ = {isa = PBXBuildFile; fileRef = FB1BFA3C2082698400E4A724 /* Main.storyboard */; };
		FB1BFA402082698600E4A724 /* Assets.xcassets in Resources */ = {isa = PBXBuildFile; fileRef = FB1BFA3F2082698600E4A724 /* Assets.xcassets */; };
		FB1BFA432082698600E4A724 /* LaunchScreen.storyboard in Resources */ = {isa = PBXBuildFile; fileRef = FB1BFA412082698600E4A724 /* LaunchScreen.storyboard */; };
		FB1BFA4E2082698600E4A724 /* fourwordreviewsTests.swift in Sources */ = {isa = PBXBuildFile; fileRef = FB1BFA4D2082698600E4A724 /* fourwordreviewsTests.swift */; };
		FB574F9A2095FCAE0095BC1E /* ReviewResponse.swift in Sources */ = {isa = PBXBuildFile; fileRef = FB574F992095FCAE0095BC1E /* ReviewResponse.swift */; };
		FB574F9C20960CC90095BC1E /* BeerReview.swift in Sources */ = {isa = PBXBuildFile; fileRef = FB574F9B20960CC90095BC1E /* BeerReview.swift */; };
		FB8B7FA020868A9000EB237A /* RatingControl.swift in Sources */ = {isa = PBXBuildFile; fileRef = FB8B7F9F20868A9000EB237A /* RatingControl.swift */; };
		FBC43E7D208FBA1800EF6139 /* BeerTableViewCell.swift in Sources */ = {isa = PBXBuildFile; fileRef = FBC43E7C208FBA1800EF6139 /* BeerTableViewCell.swift */; };
		FBC43E7F208FBE6100EF6139 /* BeerTableViewController.swift in Sources */ = {isa = PBXBuildFile; fileRef = FBC43E7E208FBE6100EF6139 /* BeerTableViewController.swift */; };
/* End PBXBuildFile section */

/* Begin PBXContainerItemProxy section */
		FB1BFA4A2082698600E4A724 /* PBXContainerItemProxy */ = {
			isa = PBXContainerItemProxy;
			containerPortal = FB1BFA2D2082698400E4A724 /* Project object */;
			proxyType = 1;
			remoteGlobalIDString = FB1BFA342082698400E4A724;
			remoteInfo = fourwordreviews;
		};
/* End PBXContainerItemProxy section */

/* Begin PBXFileReference section */
		FB1BFA352082698400E4A724 /* fourwordreviews.app */ = {isa = PBXFileReference; explicitFileType = wrapper.application; includeInIndex = 0; path = fourwordreviews.app; sourceTree = BUILT_PRODUCTS_DIR; };
		FB1BFA382082698400E4A724 /* AppDelegate.swift */ = {isa = PBXFileReference; lastKnownFileType = sourcecode.swift; path = AppDelegate.swift; sourceTree = "<group>"; };
		FB1BFA3A2082698400E4A724 /* ViewController.swift */ = {isa = PBXFileReference; lastKnownFileType = sourcecode.swift; path = ViewController.swift; sourceTree = "<group>"; };
		FB1BFA3D2082698400E4A724 /* Base */ = {isa = PBXFileReference; lastKnownFileType = file.storyboard; name = Base; path = Base.lproj/Main.storyboard; sourceTree = "<group>"; };
		FB1BFA3F2082698600E4A724 /* Assets.xcassets */ = {isa = PBXFileReference; lastKnownFileType = folder.assetcatalog; path = Assets.xcassets; sourceTree = "<group>"; };
		FB1BFA422082698600E4A724 /* Base */ = {isa = PBXFileReference; lastKnownFileType = file.storyboard; name = Base; path = Base.lproj/LaunchScreen.storyboard; sourceTree = "<group>"; };
		FB1BFA442082698600E4A724 /* Info.plist */ = {isa = PBXFileReference; lastKnownFileType = text.plist.xml; path = Info.plist; sourceTree = "<group>"; };
		FB1BFA492082698600E4A724 /* fourwordreviewsTests.xctest */ = {isa = PBXFileReference; explicitFileType = wrapper.cfbundle; includeInIndex = 0; path = fourwordreviewsTests.xctest; sourceTree = BUILT_PRODUCTS_DIR; };
		FB1BFA4D2082698600E4A724 /* fourwordreviewsTests.swift */ = {isa = PBXFileReference; lastKnownFileType = sourcecode.swift; path = fourwordreviewsTests.swift; sourceTree = "<group>"; };
		FB1BFA4F2082698600E4A724 /* Info.plist */ = {isa = PBXFileReference; lastKnownFileType = text.plist.xml; path = Info.plist; sourceTree = "<group>"; };
		FB574F992095FCAE0095BC1E /* ReviewResponse.swift */ = {isa = PBXFileReference; lastKnownFileType = sourcecode.swift; path = ReviewResponse.swift; sourceTree = "<group>"; };
		FB574F9B20960CC90095BC1E /* BeerReview.swift */ = {isa = PBXFileReference; lastKnownFileType = sourcecode.swift; path = BeerReview.swift; sourceTree = "<group>"; };
		FB8B7F9F20868A9000EB237A /* RatingControl.swift */ = {isa = PBXFileReference; lastKnownFileType = sourcecode.swift; path = RatingControl.swift; sourceTree = "<group>"; };
		FBC43E7C208FBA1800EF6139 /* BeerTableViewCell.swift */ = {isa = PBXFileReference; lastKnownFileType = sourcecode.swift; path = BeerTableViewCell.swift; sourceTree = "<group>"; };
		FBC43E7E208FBE6100EF6139 /* BeerTableViewController.swift */ = {isa = PBXFileReference; lastKnownFileType = sourcecode.swift; path = BeerTableViewController.swift; sourceTree = "<group>"; };
/* End PBXFileReference section */

/* Begin PBXFrameworksBuildPhase section */
		FB1BFA322082698400E4A724 /* Frameworks */ = {
			isa = PBXFrameworksBuildPhase;
			buildActionMask = 2147483647;
			files = (
			);
			runOnlyForDeploymentPostprocessing = 0;
		};
		FB1BFA462082698600E4A724 /* Frameworks */ = {
			isa = PBXFrameworksBuildPhase;
			buildActionMask = 2147483647;
			files = (
			);
			runOnlyForDeploymentPostprocessing = 0;
		};
/* End PBXFrameworksBuildPhase section */

/* Begin PBXGroup section */
		FB1BFA2C2082698400E4A724 = {
			isa = PBXGroup;
			children = (
				FB1BFA372082698400E4A724 /* fourwordreviews */,
				FB1BFA4C2082698600E4A724 /* fourwordreviewsTests */,
				FB1BFA362082698400E4A724 /* Products */,
			);
			sourceTree = "<group>";
		};
		FB1BFA362082698400E4A724 /* Products */ = {
			isa = PBXGroup;
			children = (
				FB1BFA352082698400E4A724 /* fourwordreviews.app */,
				FB1BFA492082698600E4A724 /* fourwordreviewsTests.xctest */,
			);
			name = Products;
			sourceTree = "<group>";
		};
		FB1BFA372082698400E4A724 /* fourwordreviews */ = {
			isa = PBXGroup;
			children = (
				FB1BFA382082698400E4A724 /* AppDelegate.swift */,
				FB1BFA3A2082698400E4A724 /* ViewController.swift */,
				FB8B7F9F20868A9000EB237A /* RatingControl.swift */,
				FBC43E7E208FBE6100EF6139 /* BeerTableViewController.swift */,
				FBC43E7C208FBA1800EF6139 /* BeerTableViewCell.swift */,
				FB1BFA3C2082698400E4A724 /* Main.storyboard */,
				FB1BFA3F2082698600E4A724 /* Assets.xcassets */,
				FB1BFA412082698600E4A724 /* LaunchScreen.storyboard */,
				FB1BFA442082698600E4A724 /* Info.plist */,
				FB574F992095FCAE0095BC1E /* ReviewResponse.swift */,
				FB574F9B20960CC90095BC1E /* BeerReview.swift */,
			);
			path = fourwordreviews;
			sourceTree = "<group>";
		};
		FB1BFA4C2082698600E4A724 /* fourwordreviewsTests */ = {
			isa = PBXGroup;
			children = (
				FB1BFA4D2082698600E4A724 /* fourwordreviewsTests.swift */,
				FB1BFA4F2082698600E4A724 /* Info.plist */,
			);
			path = fourwordreviewsTests;
			sourceTree = "<group>";
		};
/* End PBXGroup section */

/* Begin PBXNativeTarget section */
		FB1BFA342082698400E4A724 /* fourwordreviews */ = {
			isa = PBXNativeTarget;
			buildConfigurationList = FB1BFA522082698600E4A724 /* Build configuration list for PBXNativeTarget "fourwordreviews" */;
			buildPhases = (
				FB1BFA312082698400E4A724 /* Sources */,
				FB1BFA322082698400E4A724 /* Frameworks */,
				FB1BFA332082698400E4A724 /* Resources */,
			);
			buildRules = (
			);
			dependencies = (
			);
			name = fourwordreviews;
			productName = fourwordreviews;
			productReference = FB1BFA352082698400E4A724 /* fourwordreviews.app */;
			productType = "com.apple.product-type.application";
		};
		FB1BFA482082698600E4A724 /* fourwordreviewsTests */ = {
			isa = PBXNativeTarget;
			buildConfigurationList = FB1BFA552082698600E4A724 /* Build configuration list for PBXNativeTarget "fourwordreviewsTests" */;
			buildPhases = (
				FB1BFA452082698600E4A724 /* Sources */,
				FB1BFA462082698600E4A724 /* Frameworks */,
				FB1BFA472082698600E4A724 /* Resources */,
			);
			buildRules = (
			);
			dependencies = (
				FB1BFA4B2082698600E4A724 /* PBXTargetDependency */,
			);
			name = fourwordreviewsTests;
			productName = fourwordreviewsTests;
			productReference = FB1BFA492082698600E4A724 /* fourwordreviewsTests.xctest */;
			productType = "com.apple.product-type.bundle.unit-test";
		};
/* End PBXNativeTarget section */

/* Begin PBXProject section */
		FB1BFA2D2082698400E4A724 /* Project object */ = {
			isa = PBXProject;
			attributes = {
				LastSwiftUpdateCheck = 0930;
				LastUpgradeCheck = 0930;
				ORGANIZATIONNAME = "Lewis Gavin";
				TargetAttributes = {
					FB1BFA342082698400E4A724 = {
						CreatedOnToolsVersion = 9.3;
					};
					FB1BFA482082698600E4A724 = {
						CreatedOnToolsVersion = 9.3;
						TestTargetID = FB1BFA342082698400E4A724;
					};
				};
			};
			buildConfigurationList = FB1BFA302082698400E4A724 /* Build configuration list for PBXProject "fourwordreviews" */;
			compatibilityVersion = "Xcode 9.3";
			developmentRegion = en;
			hasScannedForEncodings = 0;
			knownRegions = (
				en,
				Base,
			);
			mainGroup = FB1BFA2C2082698400E4A724;
			productRefGroup = FB1BFA362082698400E4A724 /* Products */;
			projectDirPath = "";
			projectRoot = "";
			targets = (
				FB1BFA342082698400E4A724 /* fourwordreviews */,
				FB1BFA482082698600E4A724 /* fourwordreviewsTests */,
			);
		};
/* End PBXProject section */

/* Begin PBXResourcesBuildPhase section */
		FB1BFA332082698400E4A724 /* Resources */ = {
			isa = PBXResourcesBuildPhase;
			buildActionMask = 2147483647;
			files = (
				FB1BFA432082698600E4A724 /* LaunchScreen.storyboard in Resources */,
				FB1BFA402082698600E4A724 /* Assets.xcassets in Resources */,
				FB1BFA3E2082698400E4A724 /* Main.storyboard in Resources */,
			);
			runOnlyForDeploymentPostprocessing = 0;
		};
		FB1BFA472082698600E4A724 /* Resources */ = {
			isa = PBXResourcesBuildPhase;
			buildActionMask = 2147483647;
			files = (
			);
			runOnlyForDeploymentPostprocessing = 0;
		};
/* End PBXResourcesBuildPhase section */

/* Begin PBXSourcesBuildPhase section */
		FB1BFA312082698400E4A724 /* Sources */ = {
			isa = PBXSourcesBuildPhase;
			buildActionMask = 2147483647;
			files = (
				FB1BFA3B2082698400E4A724 /* ViewController.swift in Sources */,
				FB8B7FA020868A9000EB237A /* RatingControl.swift in Sources */,
				FBC43E7F208FBE6100EF6139 /* BeerTableViewController.swift in Sources */,
				FB574F9C20960CC90095BC1E /* BeerReview.swift in Sources */,
				FB1BFA392082698400E4A724 /* AppDelegate.swift in Sources */,
				FBC43E7D208FBA1800EF6139 /* BeerTableViewCell.swift in Sources */,
				FB574F9A2095FCAE0095BC1E /* ReviewResponse.swift in Sources */,
			);
			runOnlyForDeploymentPostprocessing = 0;
		};
		FB1BFA452082698600E4A724 /* Sources */ = {
			isa = PBXSourcesBuildPhase;
			buildActionMask = 2147483647;
			files = (
				FB1BFA4E2082698600E4A724 /* fourwordreviewsTests.swift in Sources */,
			);
			runOnlyForDeploymentPostprocessing = 0;
		};
/* End PBXSourcesBuildPhase section */

/* Begin PBXTargetDependency section */
		FB1BFA4B2082698600E4A724 /* PBXTargetDependency */ = {
			isa = PBXTargetDependency;
			target = FB1BFA342082698400E4A724 /* fourwordreviews */;
			targetProxy = FB1BFA4A2082698600E4A724 /* PBXContainerItemProxy */;
		};
/* End PBXTargetDependency section */

/* Begin PBXVariantGroup section */
		FB1BFA3C2082698400E4A724 /* Main.storyboard */ = {
			isa = PBXVariantGroup;
			children = (
				FB1BFA3D2082698400E4A724 /* Base */,
			);
			name = Main.storyboard;
			sourceTree = "<group>";
		};
		FB1BFA412082698600E4A724 /* LaunchScreen.storyboard */ = {
			isa = PBXVariantGroup;
			children = (
				FB1BFA422082698600E4A724 /* Base */,
			);
			name = LaunchScreen.storyboard;
			sourceTree = "<group>";
		};
/* End PBXVariantGroup section */

/* Begin XCBuildConfiguration section */
		FB1BFA502082698600E4A724 /* Debug */ = {
			isa = XCBuildConfiguration;
			buildSettings = {
				ALWAYS_SEARCH_USER_PATHS = NO;
				CLANG_ANALYZER_NONNULL = YES;
				CLANG_ANALYZER_NUMBER_OBJECT_CONVERSION = YES_AGGRESSIVE;
				CLANG_CXX_LANGUAGE_STANDARD = "gnu++14";
				CLANG_CXX_LIBRARY = "libc++";
				CLANG_ENABLE_MODULES = YES;
				CLANG_ENABLE_OBJC_ARC = YES;
				CLANG_ENABLE_OBJC_WEAK = YES;
				CLANG_WARN_BLOCK_CAPTURE_AUTORELEASING = YES;
				CLANG_WARN_BOOL_CONVERSION = YES;
				CLANG_WARN_COMMA = YES;
				CLANG_WARN_CONSTANT_CONVERSION = YES;
				CLANG_WARN_DEPRECATED_OBJC_IMPLEMENTATIONS = YES;
				CLANG_WARN_DIRECT_OBJC_ISA_USAGE = YES_ERROR;
				CLANG_WARN_DOCUMENTATION_COMMENTS = YES;
				CLANG_WARN_EMPTY_BODY = YES;
				CLANG_WARN_ENUM_CONVERSION = YES;
				CLANG_WARN_INFINITE_RECURSION = YES;
				CLANG_WARN_INT_CONVERSION = YES;
				CLANG_WARN_NON_LITERAL_NULL_CONVERSION = YES;
				CLANG_WARN_OBJC_IMPLICIT_RETAIN_SELF = YES;
				CLANG_WARN_OBJC_LITERAL_CONVERSION = YES;
				CLANG_WARN_OBJC_ROOT_CLASS = YES_ERROR;
				CLANG_WARN_RANGE_LOOP_ANALYSIS = YES;
				CLANG_WARN_STRICT_PROTOTYPES = YES;
				CLANG_WARN_SUSPICIOUS_MOVE = YES;
				CLANG_WARN_UNGUARDED_AVAILABILITY = YES_AGGRESSIVE;
				CLANG_WARN_UNREACHABLE_CODE = YES;
				CLANG_WARN__DUPLICATE_METHOD_MATCH = YES;
				CODE_SIGN_IDENTITY = "iPhone Developer";
				COPY_PHASE_STRIP = NO;
				DEBUG_INFORMATION_FORMAT = dwarf;
				ENABLE_STRICT_OBJC_MSGSEND = YES;
				ENABLE_TESTABILITY = YES;
				GCC_C_LANGUAGE_STANDARD = gnu11;
				GCC_DYNAMIC_NO_PIC = NO;
				GCC_NO_COMMON_BLOCKS = YES;
				GCC_OPTIMIZATION_LEVEL = 0;
				GCC_PREPROCESSOR_DEFINITIONS = (
					"DEBUG=1",
					"$(inherited)",
				);
				GCC_WARN_64_TO_32_BIT_CONVERSION = YES;
				GCC_WARN_ABOUT_RETURN_TYPE = YES_ERROR;
				GCC_WARN_UNDECLARED_SELECTOR = YES;
				GCC_WARN_UNINITIALIZED_AUTOS = YES_AGGRESSIVE;
				GCC_WARN_UNUSED_FUNCTION = YES;
				GCC_WARN_UNUSED_VARIABLE = YES;
				IPHONEOS_DEPLOYMENT_TARGET = 11.3;
				MTL_ENABLE_DEBUG_INFO = YES;
				ONLY_ACTIVE_ARCH = YES;
				SDKROOT = iphoneos;
				SWIFT_ACTIVE_COMPILATION_CONDITIONS = DEBUG;
				SWIFT_OPTIMIZATION_LEVEL = "-Onone";
			};
			name = Debug;
		};
		FB1BFA512082698600E4A724 /* Release */ = {
			isa = XCBuildConfiguration;
			buildSettings = {
				ALWAYS_SEARCH_USER_PATHS = NO;
				CLANG_ANALYZER_NONNULL = YES;
				CLANG_ANALYZER_NUMBER_OBJECT_CONVERSION = YES_AGGRESSIVE;
				CLANG_CXX_LANGUAGE_STANDARD = "gnu++14";
				CLANG_CXX_LIBRARY = "libc++";
				CLANG_ENABLE_MODULES = YES;
				CLANG_ENABLE_OBJC_ARC = YES;
				CLANG_ENABLE_OBJC_WEAK = YES;
				CLANG_WARN_BLOCK_CAPTURE_AUTORELEASING = YES;
				CLANG_WARN_BOOL_CONVERSION = YES;
				CLANG_WARN_COMMA = YES;
				CLANG_WARN_CONSTANT_CONVERSION = YES;
				CLANG_WARN_DEPRECATED_OBJC_IMPLEMENTATIONS = YES;
				CLANG_WARN_DIRECT_OBJC_ISA_USAGE = YES_ERROR;
				CLANG_WARN_DOCUMENTATION_COMMENTS = YES;
				CLANG_WARN_EMPTY_BODY = YES;
				CLANG_WARN_ENUM_CONVERSION = YES;
				CLANG_WARN_INFINITE_RECURSION = YES;
				CLANG_WARN_INT_CONVERSION = YES;
				CLANG_WARN_NON_LITERAL_NULL_CONVERSION = YES;
				CLANG_WARN_OBJC_IMPLICIT_RETAIN_SELF = YES;
				CLANG_WARN_OBJC_LITERAL_CONVERSION = YES;
				CLANG_WARN_OBJC_ROOT_CLASS = YES_ERROR;
				CLANG_WARN_RANGE_LOOP_ANALYSIS = YES;
				CLANG_WARN_STRICT_PROTOTYPES = YES;
				CLANG_WARN_SUSPICIOUS_MOVE = YES;
				CLANG_WARN_UNGUARDED_AVAILABILITY = YES_AGGRESSIVE;
				CLANG_WARN_UNREACHABLE_CODE = YES;
				CLANG_WARN__DUPLICATE_METHOD_MATCH = YES;
				CODE_SIGN_IDENTITY = "iPhone Developer";
				COPY_PHASE_STRIP = NO;
				DEBUG_INFORMATION_FORMAT = "dwarf-with-dsym";
				ENABLE_NS_ASSERTIONS = NO;
				ENABLE_STRICT_OBJC_MSGSEND = YES;
				GCC_C_LANGUAGE_STANDARD = gnu11;
				GCC_NO_COMMON_BLOCKS = YES;
				GCC_WARN_64_TO_32_BIT_CONVERSION = YES;
				GCC_WARN_ABOUT_RETURN_TYPE = YES_ERROR;
				GCC_WARN_UNDECLARED_SELECTOR = YES;
				GCC_WARN_UNINITIALIZED_AUTOS = YES_AGGRESSIVE;
				GCC_WARN_UNUSED_FUNCTION = YES;
				GCC_WARN_UNUSED_VARIABLE = YES;
				IPHONEOS_DEPLOYMENT_TARGET = 11.3;
				MTL_ENABLE_DEBUG_INFO = NO;
				SDKROOT = iphoneos;
				SWIFT_COMPILATION_MODE = wholemodule;
				SWIFT_OPTIMIZATION_LEVEL = "-O";
				VALIDATE_PRODUCT = YES;
			};
			name = Release;
		};
		FB1BFA532082698600E4A724 /* Debug */ = {
			isa = XCBuildConfiguration;
			buildSettings = {
				ASSETCATALOG_COMPILER_APPICON_NAME = AppIcon;
				CODE_SIGN_STYLE = Automatic;
				INFOPLIST_FILE = fourwordreviews/Info.plist;
				LD_RUNPATH_SEARCH_PATHS = (
					"$(inherited)",
					"@executable_path/Frameworks",
				);
				PRODUCT_BUNDLE_IDENTIFIER = com.bibrown.fourwordreviews;
				PRODUCT_NAME = "$(TARGET_NAME)";
				SWIFT_VERSION = 4.0;
				TARGETED_DEVICE_FAMILY = "1,2";
			};
			name = Debug;
		};
		FB1BFA542082698600E4A724 /* Release */ = {
			isa = XCBuildConfiguration;
			buildSettings = {
				ASSETCATALOG_COMPILER_APPICON_NAME = AppIcon;
				CODE_SIGN_STYLE = Automatic;
				INFOPLIST_FILE = fourwordreviews/Info.plist;
				LD_RUNPATH_SEARCH_PATHS = (
					"$(inherited)",
					"@executable_path/Frameworks",
				);
				PRODUCT_BUNDLE_IDENTIFIER = com.bibrown.fourwordreviews;
				PRODUCT_NAME = "$(TARGET_NAME)";
				SWIFT_VERSION = 4.0;
				TARGETED_DEVICE_FAMILY = "1,2";
			};
			name = Release;
		};
		FB1BFA562082698600E4A724 /* Debug */ = {
			isa = XCBuildConfiguration;
			buildSettings = {
				ALWAYS_EMBED_SWIFT_STANDARD_LIBRARIES = YES;
				BUNDLE_LOADER = "$(TEST_HOST)";
				CODE_SIGN_STYLE = Automatic;
				INFOPLIST_FILE = fourwordreviewsTests/Info.plist;
				LD_RUNPATH_SEARCH_PATHS = (
					"$(inherited)",
					"@executable_path/Frameworks",
					"@loader_path/Frameworks",
				);
				PRODUCT_BUNDLE_IDENTIFIER = com.bibrown.fourwordreviewsTests;
				PRODUCT_NAME = "$(TARGET_NAME)";
				SWIFT_VERSION = 4.0;
				TARGETED_DEVICE_FAMILY = "1,2";
				TEST_HOST = "$(BUILT_PRODUCTS_DIR)/fourwordreviews.app/fourwordreviews";
			};
			name = Debug;
		};
		FB1BFA572082698600E4A724 /* Release */ = {
			isa = XCBuildConfiguration;
			buildSettings = {
				ALWAYS_EMBED_SWIFT_STANDARD_LIBRARIES = YES;
				BUNDLE_LOADER = "$(TEST_HOST)";
				CODE_SIGN_STYLE = Automatic;
				INFOPLIST_FILE = fourwordreviewsTests/Info.plist;
				LD_RUNPATH_SEARCH_PATHS = (
					"$(inherited)",
					"@executable_path/Frameworks",
					"@loader_path/Frameworks",
				);
				PRODUCT_BUNDLE_IDENTIFIER = com.bibrown.fourwordreviewsTests;
				PRODUCT_NAME = "$(TARGET_NAME)";
				SWIFT_VERSION = 4.0;
				TARGETED_DEVICE_FAMILY = "1,2";
				TEST_HOST = "$(BUILT_PRODUCTS_DIR)/fourwordreviews.app/fourwordreviews";
			};
			name = Release;
		};
/* End XCBuildConfiguration section */

/* Begin XCConfigurationList section */
		FB1BFA302082698400E4A724 /* Build configuration list for PBXProject "fourwordreviews" */ = {
			isa = XCConfigurationList;
			buildConfigurations = (
				FB1BFA502082698600E4A724 /* Debug */,
				FB1BFA512082698600E4A724 /* Release */,
			);
			defaultConfigurationIsVisible = 0;
			defaultConfigurationName = Release;
		};
		FB1BFA522082698600E4A724 /* Build configuration list for PBXNativeTarget "fourwordreviews" */ = {
			isa = XCConfigurationList;
			buildConfigurations = (
				FB1BFA532082698600E4A724 /* Debug */,
				FB1BFA542082698600E4A724 /* Release */,
			);
			defaultConfigurationIsVisible = 0;
			defaultConfigurationName = Release;
		};
		FB1BFA552082698600E4A724 /* Build configuration list for PBXNativeTarget "fourwordreviewsTests" */ = {
			isa = XCConfigurationList;
			buildConfigurations = (
				FB1BFA562082698600E4A724 /* Debug */,
				FB1BFA572082698600E4A724 /* Release */,
			);
			defaultConfigurationIsVisible = 0;
			defaultConfigurationName = Release;
		};
/* End XCConfigurationList section */
	};
	rootObject = FB1BFA2D2082698400E4A724 /* Project object */;
}
