// !$*UTF8*$!
{
	archiveVersion = 1;
	classes = {
	};
	objectVersion = 50;
	objects = {

/* Begin PBXBuildFile section */
		35405575B59FDF20142CA295 /* Pods_fourwordreviews.framework in Frameworks */ = {isa = PBXBuildFile; fileRef = 57CE7AA64300548D1D2CDB1A /* Pods_fourwordreviews.framework */; };
		47CBF74FA8D77DF089AA63FA /* Pods_fourwordreviewsTests.framework in Frameworks */ = {isa = PBXBuildFile; fileRef = 01A8372A4E3B72FC1BA9D5F0 /* Pods_fourwordreviewsTests.framework */; };
		FB1BFA392082698400E4A724 /* AppDelegate.swift in Sources */ = {isa = PBXBuildFile; fileRef = FB1BFA382082698400E4A724 /* AppDelegate.swift */; };
		FB1BFA3B2082698400E4A724 /* AddReviewViewController.swift in Sources */ = {isa = PBXBuildFile; fileRef = FB1BFA3A2082698400E4A724 /* AddReviewViewController.swift */; };
		FB1BFA3E2082698400E4A724 /* Main.storyboard in Resources */ = {isa = PBXBuildFile; fileRef = FB1BFA3C2082698400E4A724 /* Main.storyboard */; };
		FB1BFA402082698600E4A724 /* Assets.xcassets in Resources */ = {isa = PBXBuildFile; fileRef = FB1BFA3F2082698600E4A724 /* Assets.xcassets */; };
		FB1BFA432082698600E4A724 /* LaunchScreen.storyboard in Resources */ = {isa = PBXBuildFile; fileRef = FB1BFA412082698600E4A724 /* LaunchScreen.storyboard */; };
		FB1BFA4E2082698600E4A724 /* fourwordreviewsTests.swift in Sources */ = {isa = PBXBuildFile; fileRef = FB1BFA4D2082698600E4A724 /* fourwordreviewsTests.swift */; };
		FB574F9A2095FCAE0095BC1E /* ReviewResponse.swift in Sources */ = {isa = PBXBuildFile; fileRef = FB574F992095FCAE0095BC1E /* ReviewResponse.swift */; };
		FB574F9C20960CC90095BC1E /* BeerReview.swift in Sources */ = {isa = PBXBuildFile; fileRef = FB574F9B20960CC90095BC1E /* BeerReview.swift */; };
		FB64584C20D2F0E7004B6619 /* RegisterViewController.swift in Sources */ = {isa = PBXBuildFile; fileRef = FB64584B20D2F0E7004B6619 /* RegisterViewController.swift */; };
		FB64585420D30E50004B6619 /* UserSingleton.swift in Sources */ = {isa = PBXBuildFile; fileRef = FB64585320D30E50004B6619 /* UserSingleton.swift */; };
		FB70F09E20D19CD5000ED9AE /* LoginViewController.swift in Sources */ = {isa = PBXBuildFile; fileRef = FB70F09D20D19CD5000ED9AE /* LoginViewController.swift */; };
		FB78AD3F20CAFFEB000CD939 /* LocationSearchViewController.swift in Sources */ = {isa = PBXBuildFile; fileRef = FB78AD3E20CAFFEB000CD939 /* LocationSearchViewController.swift */; };
		FB8B7FA020868A9000EB237A /* RatingControl.swift in Sources */ = {isa = PBXBuildFile; fileRef = FB8B7F9F20868A9000EB237A /* RatingControl.swift */; };
		FB8FEC0720DAEBA700D3BDEA /* UserNetworkTableViewController.swift in Sources */ = {isa = PBXBuildFile; fileRef = FB8FEC0620DAEBA700D3BDEA /* UserNetworkTableViewController.swift */; };
		FB8FEC0920DAEDB900D3BDEA /* User.swift in Sources */ = {isa = PBXBuildFile; fileRef = FB8FEC0820DAEDB900D3BDEA /* User.swift */; };
		FB8FEC0B20DAF08000D3BDEA /* UserNetworkTableViewCell.swift in Sources */ = {isa = PBXBuildFile; fileRef = FB8FEC0A20DAF08000D3BDEA /* UserNetworkTableViewCell.swift */; };
		FB8FEC0D20DAF76C00D3BDEA /* UserResponse.swift in Sources */ = {isa = PBXBuildFile; fileRef = FB8FEC0C20DAF76C00D3BDEA /* UserResponse.swift */; };
		FBC43E7D208FBA1800EF6139 /* BeerTableViewCell.swift in Sources */ = {isa = PBXBuildFile; fileRef = FBC43E7C208FBA1800EF6139 /* BeerTableViewCell.swift */; };
		FBC43E7F208FBE6100EF6139 /* BeerTableViewController.swift in Sources */ = {isa = PBXBuildFile; fileRef = FBC43E7E208FBE6100EF6139 /* BeerTableViewController.swift */; };
		FBE3C75B20DDAA14001AC876 /* awsconfiguration.json in Resources */ = {isa = PBXBuildFile; fileRef = FBE3C75A20DDAA14001AC876 /* awsconfiguration.json */; };
		FBE3C75D20DDAC7D001AC876 /* AWSConfigSingleton.swift in Sources */ = {isa = PBXBuildFile; fileRef = FBE3C75C20DDAC7D001AC876 /* AWSConfigSingleton.swift */; };
/* End PBXBuildFile section */

/* Begin PBXContainerItemProxy section */
		FB1BFA4A2082698600E4A724 /* PBXContainerItemProxy */ = {
			isa = PBXContainerItemProxy;
			containerPortal = FB1BFA2D2082698400E4A724 /* Project object */;
			proxyType = 1;
			remoteGlobalIDString = FB1BFA342082698400E4A724;
			remoteInfo = fourwordreviews;
		};
/* End PBXContainerItemProxy section */

/* Begin PBXFileReference section */
		005480B614E92F11A60A8C75 /* Pods-fourwordreviews.release.xcconfig */ = {isa = PBXFileReference; includeInIndex = 1; lastKnownFileType = text.xcconfig; name = "Pods-fourwordreviews.release.xcconfig"; path = "Pods/Target Support Files/Pods-fourwordreviews/Pods-fourwordreviews.release.xcconfig"; sourceTree = "<group>"; };
		01A8372A4E3B72FC1BA9D5F0 /* Pods_fourwordreviewsTests.framework */ = {isa = PBXFileReference; explicitFileType = wrapper.framework; includeInIndex = 0; path = Pods_fourwordreviewsTests.framework; sourceTree = BUILT_PRODUCTS_DIR; };
		57CE7AA64300548D1D2CDB1A /* Pods_fourwordreviews.framework */ = {isa = PBXFileReference; explicitFileType = wrapper.framework; includeInIndex = 0; path = Pods_fourwordreviews.framework; sourceTree = BUILT_PRODUCTS_DIR; };
		731E0E129528EC0A544DC509 /* Pods-fourwordreviewsTests.debug.xcconfig */ = {isa = PBXFileReference; includeInIndex = 1; lastKnownFileType = text.xcconfig; name = "Pods-fourwordreviewsTests.debug.xcconfig"; path = "Pods/Target Support Files/Pods-fourwordreviewsTests/Pods-fourwordreviewsTests.debug.xcconfig"; sourceTree = "<group>"; };
		EE6824B12A8BE9417AE863C3 /* Pods-fourwordreviews.debug.xcconfig */ = {isa = PBXFileReference; includeInIndex = 1; lastKnownFileType = text.xcconfig; name = "Pods-fourwordreviews.debug.xcconfig"; path = "Pods/Target Support Files/Pods-fourwordreviews/Pods-fourwordreviews.debug.xcconfig"; sourceTree = "<group>"; };
		F2F55488A13CDEAD6FA8F03E /* Pods-fourwordreviewsTests.release.xcconfig */ = {isa = PBXFileReference; includeInIndex = 1; lastKnownFileType = text.xcconfig; name = "Pods-fourwordreviewsTests.release.xcconfig"; path = "Pods/Target Support Files/Pods-fourwordreviewsTests/Pods-fourwordreviewsTests.release.xcconfig"; sourceTree = "<group>"; };
		FB1BFA352082698400E4A724 /* fourwordreviews.app */ = {isa = PBXFileReference; explicitFileType = wrapper.application; includeInIndex = 0; path = fourwordreviews.app; sourceTree = BUILT_PRODUCTS_DIR; };
		FB1BFA382082698400E4A724 /* AppDelegate.swift */ = {isa = PBXFileReference; lastKnownFileType = sourcecode.swift; path = AppDelegate.swift; sourceTree = "<group>"; };
		FB1BFA3A2082698400E4A724 /* AddReviewViewController.swift */ = {isa = PBXFileReference; lastKnownFileType = sourcecode.swift; path = AddReviewViewController.swift; sourceTree = "<group>"; };
		FB1BFA3D2082698400E4A724 /* Base */ = {isa = PBXFileReference; lastKnownFileType = file.storyboard; name = Base; path = Base.lproj/Main.storyboard; sourceTree = "<group>"; };
		FB1BFA3F2082698600E4A724 /* Assets.xcassets */ = {isa = PBXFileReference; lastKnownFileType = folder.assetcatalog; path = Assets.xcassets; sourceTree = "<group>"; };
		FB1BFA422082698600E4A724 /* Base */ = {isa = PBXFileReference; lastKnownFileType = file.storyboard; name = Base; path = Base.lproj/LaunchScreen.storyboard; sourceTree = "<group>"; };
		FB1BFA442082698600E4A724 /* Info.plist */ = {isa = PBXFileReference; lastKnownFileType = text.plist.xml; path = Info.plist; sourceTree = "<group>"; };
		FB1BFA492082698600E4A724 /* fourwordreviewsTests.xctest */ = {isa = PBXFileReference; explicitFileType = wrapper.cfbundle; includeInIndex = 0; path = fourwordreviewsTests.xctest; sourceTree = BUILT_PRODUCTS_DIR; };
		FB1BFA4D2082698600E4A724 /* fourwordreviewsTests.swift */ = {isa = PBXFileReference; lastKnownFileType = sourcecode.swift; path = fourwordreviewsTests.swift; sourceTree = "<group>"; };
		FB1BFA4F2082698600E4A724 /* Info.plist */ = {isa = PBXFileReference; lastKnownFileType = text.plist.xml; path = Info.plist; sourceTree = "<group>"; };
		FB574F992095FCAE0095BC1E /* ReviewResponse.swift */ = {isa = PBXFileReference; lastKnownFileType = sourcecode.swift; path = ReviewResponse.swift; sourceTree = "<group>"; };
		FB574F9B20960CC90095BC1E /* BeerReview.swift */ = {isa = PBXFileReference; lastKnownFileType = sourcecode.swift; path = BeerReview.swift; sourceTree = "<group>"; };
		FB64584B20D2F0E7004B6619 /* RegisterViewController.swift */ = {isa = PBXFileReference; lastKnownFileType = sourcecode.swift; path = RegisterViewController.swift; sourceTree = "<group>"; };
		FB64585320D30E50004B6619 /* UserSingleton.swift */ = {isa = PBXFileReference; lastKnownFileType = sourcecode.swift; path = UserSingleton.swift; sourceTree = "<group>"; };
		FB70F09D20D19CD5000ED9AE /* LoginViewController.swift */ = {isa = PBXFileReference; lastKnownFileType = sourcecode.swift; path = LoginViewController.swift; sourceTree = "<group>"; };
		FB78AD3E20CAFFEB000CD939 /* LocationSearchViewController.swift */ = {isa = PBXFileReference; lastKnownFileType = sourcecode.swift; path = LocationSearchViewController.swift; sourceTree = "<group>"; };
		FB8B7F9F20868A9000EB237A /* RatingControl.swift */ = {isa = PBXFileReference; lastKnownFileType = sourcecode.swift; path = RatingControl.swift; sourceTree = "<group>"; };
		FB8FEC0620DAEBA700D3BDEA /* UserNetworkTableViewController.swift */ = {isa = PBXFileReference; lastKnownFileType = sourcecode.swift; path = UserNetworkTableViewController.swift; sourceTree = "<group>"; };
		FB8FEC0820DAEDB900D3BDEA /* User.swift */ = {isa = PBXFileReference; lastKnownFileType = sourcecode.swift; path = User.swift; sourceTree = "<group>"; };
		FB8FEC0A20DAF08000D3BDEA /* UserNetworkTableViewCell.swift */ = {isa = PBXFileReference; lastKnownFileType = sourcecode.swift; path = UserNetworkTableViewCell.swift; sourceTree = "<group>"; };
		FB8FEC0C20DAF76C00D3BDEA /* UserResponse.swift */ = {isa = PBXFileReference; lastKnownFileType = sourcecode.swift; path = UserResponse.swift; sourceTree = "<group>"; };
		FBC43E7C208FBA1800EF6139 /* BeerTableViewCell.swift */ = {isa = PBXFileReference; lastKnownFileType = sourcecode.swift; path = BeerTableViewCell.swift; sourceTree = "<group>"; };
		FBC43E7E208FBE6100EF6139 /* BeerTableViewController.swift */ = {isa = PBXFileReference; lastKnownFileType = sourcecode.swift; path = BeerTableViewController.swift; sourceTree = "<group>"; };
		FBE3C75A20DDAA14001AC876 /* awsconfiguration.json */ = {isa = PBXFileReference; fileEncoding = 4; lastKnownFileType = text.json; name = awsconfiguration.json; path = ../../../Downloads/awsconfiguration.json; sourceTree = "<group>"; };
		FBE3C75C20DDAC7D001AC876 /* AWSConfigSingleton.swift */ = {isa = PBXFileReference; lastKnownFileType = sourcecode.swift; path = AWSConfigSingleton.swift; sourceTree = "<group>"; };
/* End PBXFileReference section */

/* Begin PBXFrameworksBuildPhase section */
		FB1BFA322082698400E4A724 /* Frameworks */ = {
			isa = PBXFrameworksBuildPhase;
			buildActionMask = 2147483647;
			files = (
				35405575B59FDF20142CA295 /* Pods_fourwordreviews.framework in Frameworks */,
			);
			runOnlyForDeploymentPostprocessing = 0;
		};
		FB1BFA462082698600E4A724 /* Frameworks */ = {
			isa = PBXFrameworksBuildPhase;
			buildActionMask = 2147483647;
			files = (
				47CBF74FA8D77DF089AA63FA /* Pods_fourwordreviewsTests.framework in Frameworks */,
			);
			runOnlyForDeploymentPostprocessing = 0;
		};
/* End PBXFrameworksBuildPhase section */

/* Begin PBXGroup section */
		0D686B9B2546C867017068E1 /* Pods */ = {
			isa = PBXGroup;
			children = (
				EE6824B12A8BE9417AE863C3 /* Pods-fourwordreviews.debug.xcconfig */,
				005480B614E92F11A60A8C75 /* Pods-fourwordreviews.release.xcconfig */,
				731E0E129528EC0A544DC509 /* Pods-fourwordreviewsTests.debug.xcconfig */,
				F2F55488A13CDEAD6FA8F03E /* Pods-fourwordreviewsTests.release.xcconfig */,
			);
			name = Pods;
			sourceTree = "<group>";
		};
		3F7AAF20FE2CEC175827D61A /* Frameworks */ = {
			isa = PBXGroup;
			children = (
				57CE7AA64300548D1D2CDB1A /* Pods_fourwordreviews.framework */,
				01A8372A4E3B72FC1BA9D5F0 /* Pods_fourwordreviewsTests.framework */,
			);
			name = Frameworks;
			sourceTree = "<group>";
		};
		FB1BFA2C2082698400E4A724 = {
			isa = PBXGroup;
			children = (
				FB1BFA372082698400E4A724 /* fourwordreviews */,
				FB1BFA4C2082698600E4A724 /* fourwordreviewsTests */,
				FB1BFA362082698400E4A724 /* Products */,
				0D686B9B2546C867017068E1 /* Pods */,
				3F7AAF20FE2CEC175827D61A /* Frameworks */,
			);
			sourceTree = "<group>";
		};
		FB1BFA362082698400E4A724 /* Products */ = {
			isa = PBXGroup;
			children = (
				FB1BFA352082698400E4A724 /* fourwordreviews.app */,
				FB1BFA492082698600E4A724 /* fourwordreviewsTests.xctest */,
			);
			name = Products;
			sourceTree = "<group>";
		};
		FB1BFA372082698400E4A724 /* fourwordreviews */ = {
			isa = PBXGroup;
			children = (
				FB64585220D2F1AE004B6619 /* Form */,
				FB64585120D2F191004B6619 /* Custom Object */,
				FB64585020D2F177004B6619 /* API */,
				FB64584F20D2F142004B6619 /* Entity */,
				FB64584D20D2F102004B6619 /* Table View */,
				FB64584A20D2F0C7004B6619 /* Auth */,
				FB1BFA382082698400E4A724 /* AppDelegate.swift */,
				FB64585320D30E50004B6619 /* UserSingleton.swift */,
				FBE3C75C20DDAC7D001AC876 /* AWSConfigSingleton.swift */,
				FB1BFA3C2082698400E4A724 /* Main.storyboard */,
				FB1BFA3F2082698600E4A724 /* Assets.xcassets */,
				FB1BFA412082698600E4A724 /* LaunchScreen.storyboard */,
				FB1BFA442082698600E4A724 /* Info.plist */,
				FBE3C75A20DDAA14001AC876 /* awsconfiguration.json */,
			);
			path = fourwordreviews;
			sourceTree = "<group>";
		};
		FB1BFA4C2082698600E4A724 /* fourwordreviewsTests */ = {
			isa = PBXGroup;
			children = (
				FB1BFA4D2082698600E4A724 /* fourwordreviewsTests.swift */,
				FB1BFA4F2082698600E4A724 /* Info.plist */,
			);
			path = fourwordreviewsTests;
			sourceTree = "<group>";
		};
		FB64584A20D2F0C7004B6619 /* Auth */ = {
			isa = PBXGroup;
			children = (
				FB70F09D20D19CD5000ED9AE /* LoginViewController.swift */,
				FB64584B20D2F0E7004B6619 /* RegisterViewController.swift */,
			);
			name = Auth;
			sourceTree = "<group>";
		};
		FB64584D20D2F102004B6619 /* Table View */ = {
			isa = PBXGroup;
			children = (
				FBC43E7E208FBE6100EF6139 /* BeerTableViewController.swift */,
				FB8FEC0620DAEBA700D3BDEA /* UserNetworkTableViewController.swift */,
			);
			name = "Table View";
			sourceTree = "<group>";
		};
		FB64584F20D2F142004B6619 /* Entity */ = {
			isa = PBXGroup;
			children = (
				FB574F9B20960CC90095BC1E /* BeerReview.swift */,
				FB8FEC0820DAEDB900D3BDEA /* User.swift */,
			);
			name = Entity;
			sourceTree = "<group>";
		};
		FB64585020D2F177004B6619 /* API */ = {
			isa = PBXGroup;
			children = (
				FB574F992095FCAE0095BC1E /* ReviewResponse.swift */,
				FB8FEC0C20DAF76C00D3BDEA /* UserResponse.swift */,
			);
			name = API;
			sourceTree = "<group>";
		};
		FB64585120D2F191004B6619 /* Custom Object */ = {
			isa = PBXGroup;
			children = (
				FBC43E7C208FBA1800EF6139 /* BeerTableViewCell.swift */,
				FB8B7F9F20868A9000EB237A /* RatingControl.swift */,
				FB8FEC0A20DAF08000D3BDEA /* UserNetworkTableViewCell.swift */,
			);
			name = "Custom Object";
			sourceTree = "<group>";
		};
		FB64585220D2F1AE004B6619 /* Form */ = {
			isa = PBXGroup;
			children = (
				FB1BFA3A2082698400E4A724 /* AddReviewViewController.swift */,
				FB78AD3E20CAFFEB000CD939 /* LocationSearchViewController.swift */,
			);
			name = Form;
			sourceTree = "<group>";
		};
/* End PBXGroup section */

/* Begin PBXNativeTarget section */
		FB1BFA342082698400E4A724 /* fourwordreviews */ = {
			isa = PBXNativeTarget;
			buildConfigurationList = FB1BFA522082698600E4A724 /* Build configuration list for PBXNativeTarget "fourwordreviews" */;
			buildPhases = (
				DF6AE7239DFE868167CC5F95 /* [CP] Check Pods Manifest.lock */,
				FB1BFA312082698400E4A724 /* Sources */,
				FB1BFA322082698400E4A724 /* Frameworks */,
				FB1BFA332082698400E4A724 /* Resources */,
				4EB6568DE9F79CA1756F386D /* [CP] Embed Pods Frameworks */,
			);
			buildRules = (
			);
			dependencies = (
			);
			name = fourwordreviews;
			productName = fourwordreviews;
			productReference = FB1BFA352082698400E4A724 /* fourwordreviews.app */;
			productType = "com.apple.product-type.application";
		};
		FB1BFA482082698600E4A724 /* fourwordreviewsTests */ = {
			isa = PBXNativeTarget;
			buildConfigurationList = FB1BFA552082698600E4A724 /* Build configuration list for PBXNativeTarget "fourwordreviewsTests" */;
			buildPhases = (
				CE146586BCE69962D0CDE8CC /* [CP] Check Pods Manifest.lock */,
				FB1BFA452082698600E4A724 /* Sources */,
				FB1BFA462082698600E4A724 /* Frameworks */,
				FB1BFA472082698600E4A724 /* Resources */,
			);
			buildRules = (
			);
			dependencies = (
				FB1BFA4B2082698600E4A724 /* PBXTargetDependency */,
			);
			name = fourwordreviewsTests;
			productName = fourwordreviewsTests;
			productReference = FB1BFA492082698600E4A724 /* fourwordreviewsTests.xctest */;
			productType = "com.apple.product-type.bundle.unit-test";
		};
/* End PBXNativeTarget section */

/* Begin PBXProject section */
		FB1BFA2D2082698400E4A724 /* Project object */ = {
			isa = PBXProject;
			attributes = {
				LastSwiftUpdateCheck = 0930;
				LastUpgradeCheck = 0930;
				ORGANIZATIONNAME = "Lewis Gavin";
				TargetAttributes = {
					FB1BFA342082698400E4A724 = {
						CreatedOnToolsVersion = 9.3;
					};
					FB1BFA482082698600E4A724 = {
						CreatedOnToolsVersion = 9.3;
						TestTargetID = FB1BFA342082698400E4A724;
					};
				};
			};
			buildConfigurationList = FB1BFA302082698400E4A724 /* Build configuration list for PBXProject "fourwordreviews" */;
			compatibilityVersion = "Xcode 9.3";
			developmentRegion = en;
			hasScannedForEncodings = 0;
			knownRegions = (
				en,
				Base,
			);
			mainGroup = FB1BFA2C2082698400E4A724;
			productRefGroup = FB1BFA362082698400E4A724 /* Products */;
			projectDirPath = "";
			projectRoot = "";
			targets = (
				FB1BFA342082698400E4A724 /* fourwordreviews */,
				FB1BFA482082698600E4A724 /* fourwordreviewsTests */,
			);
		};
/* End PBXProject section */

/* Begin PBXResourcesBuildPhase section */
		FB1BFA332082698400E4A724 /* Resources */ = {
			isa = PBXResourcesBuildPhase;
			buildActionMask = 2147483647;
			files = (
				FBE3C75B20DDAA14001AC876 /* awsconfiguration.json in Resources */,
				FB1BFA432082698600E4A724 /* LaunchScreen.storyboard in Resources */,
				FB1BFA402082698600E4A724 /* Assets.xcassets in Resources */,
				FB1BFA3E2082698400E4A724 /* Main.storyboard in Resources */,
			);
			runOnlyForDeploymentPostprocessing = 0;
		};
		FB1BFA472082698600E4A724 /* Resources */ = {
			isa = PBXResourcesBuildPhase;
			buildActionMask = 2147483647;
			files = (
			);
			runOnlyForDeploymentPostprocessing = 0;
		};
/* End PBXResourcesBuildPhase section */

/* Begin PBXShellScriptBuildPhase section */
		4EB6568DE9F79CA1756F386D /* [CP] Embed Pods Frameworks */ = {
			isa = PBXShellScriptBuildPhase;
			buildActionMask = 2147483647;
			files = (
			);
			inputPaths = (
				"${SRCROOT}/Pods/Target Support Files/Pods-fourwordreviews/Pods-fourwordreviews-frameworks.sh",
				"${BUILT_PRODUCTS_DIR}/AWSAuthCore/AWSAuthCore.framework",
				"${BUILT_PRODUCTS_DIR}/AWSCognito/AWSCognito.framework",
				"${BUILT_PRODUCTS_DIR}/AWSCore/AWSCore.framework",
				"${BUILT_PRODUCTS_DIR}/AWSMobileClient/AWSMobileClient.framework",
				"${BUILT_PRODUCTS_DIR}/AWSS3/AWSS3.framework",
			);
			name = "[CP] Embed Pods Frameworks";
			outputPaths = (
				"${TARGET_BUILD_DIR}/${FRAMEWORKS_FOLDER_PATH}/AWSAuthCore.framework",
				"${TARGET_BUILD_DIR}/${FRAMEWORKS_FOLDER_PATH}/AWSCognito.framework",
				"${TARGET_BUILD_DIR}/${FRAMEWORKS_FOLDER_PATH}/AWSCore.framework",
				"${TARGET_BUILD_DIR}/${FRAMEWORKS_FOLDER_PATH}/AWSMobileClient.framework",
				"${TARGET_BUILD_DIR}/${FRAMEWORKS_FOLDER_PATH}/AWSS3.framework",
			);
			runOnlyForDeploymentPostprocessing = 0;
			shellPath = /bin/sh;
			shellScript = "\"${SRCROOT}/Pods/Target Support Files/Pods-fourwordreviews/Pods-fourwordreviews-frameworks.sh\"\n";
			showEnvVarsInLog = 0;
		};
		CE146586BCE69962D0CDE8CC /* [CP] Check Pods Manifest.lock */ = {
			isa = PBXShellScriptBuildPhase;
			buildActionMask = 2147483647;
			files = (
			);
			inputPaths = (
				"${PODS_PODFILE_DIR_PATH}/Podfile.lock",
				"${PODS_ROOT}/Manifest.lock",
			);
			name = "[CP] Check Pods Manifest.lock";
			outputPaths = (
				"$(DERIVED_FILE_DIR)/Pods-fourwordreviewsTests-checkManifestLockResult.txt",
			);
			runOnlyForDeploymentPostprocessing = 0;
			shellPath = /bin/sh;
			shellScript = "diff \"${PODS_PODFILE_DIR_PATH}/Podfile.lock\" \"${PODS_ROOT}/Manifest.lock\" > /dev/null\nif [ $? != 0 ] ; then\n    # print error to STDERR\n    echo \"error: The sandbox is not in sync with the Podfile.lock. Run 'pod install' or update your CocoaPods installation.\" >&2\n    exit 1\nfi\n# This output is used by Xcode 'outputs' to avoid re-running this script phase.\necho \"SUCCESS\" > \"${SCRIPT_OUTPUT_FILE_0}\"\n";
			showEnvVarsInLog = 0;
		};
		DF6AE7239DFE868167CC5F95 /* [CP] Check Pods Manifest.lock */ = {
			isa = PBXShellScriptBuildPhase;
			buildActionMask = 2147483647;
			files = (
			);
			inputPaths = (
				"${PODS_PODFILE_DIR_PATH}/Podfile.lock",
				"${PODS_ROOT}/Manifest.lock",
			);
			name = "[CP] Check Pods Manifest.lock";
			outputPaths = (
				"$(DERIVED_FILE_DIR)/Pods-fourwordreviews-checkManifestLockResult.txt",
			);
			runOnlyForDeploymentPostprocessing = 0;
			shellPath = /bin/sh;
			shellScript = "diff \"${PODS_PODFILE_DIR_PATH}/Podfile.lock\" \"${PODS_ROOT}/Manifest.lock\" > /dev/null\nif [ $? != 0 ] ; then\n    # print error to STDERR\n    echo \"error: The sandbox is not in sync with the Podfile.lock. Run 'pod install' or update your CocoaPods installation.\" >&2\n    exit 1\nfi\n# This output is used by Xcode 'outputs' to avoid re-running this script phase.\necho \"SUCCESS\" > \"${SCRIPT_OUTPUT_FILE_0}\"\n";
			showEnvVarsInLog = 0;
		};
/* End PBXShellScriptBuildPhase section */

/* Begin PBXSourcesBuildPhase section */
		FB1BFA312082698400E4A724 /* Sources */ = {
			isa = PBXSourcesBuildPhase;
			buildActionMask = 2147483647;
			files = (
				FB8FEC0920DAEDB900D3BDEA /* User.swift in Sources */,
				FB64585420D30E50004B6619 /* UserSingleton.swift in Sources */,
				FB70F09E20D19CD5000ED9AE /* LoginViewController.swift in Sources */,
				FB8FEC0B20DAF08000D3BDEA /* UserNetworkTableViewCell.swift in Sources */,
				FB64584C20D2F0E7004B6619 /* RegisterViewController.swift in Sources */,
				FB8FEC0D20DAF76C00D3BDEA /* UserResponse.swift in Sources */,
				FB8FEC0720DAEBA700D3BDEA /* UserNetworkTableViewController.swift in Sources */,
				FBE3C75D20DDAC7D001AC876 /* AWSConfigSingleton.swift in Sources */,
				FB1BFA3B2082698400E4A724 /* AddReviewViewController.swift in Sources */,
				FB8B7FA020868A9000EB237A /* RatingControl.swift in Sources */,
				FBC43E7F208FBE6100EF6139 /* BeerTableViewController.swift in Sources */,
				FB574F9C20960CC90095BC1E /* BeerReview.swift in Sources */,
				FB1BFA392082698400E4A724 /* AppDelegate.swift in Sources */,
				FB78AD3F20CAFFEB000CD939 /* LocationSearchViewController.swift in Sources */,
				FBC43E7D208FBA1800EF6139 /* BeerTableViewCell.swift in Sources */,
				FB574F9A2095FCAE0095BC1E /* ReviewResponse.swift in Sources */,
			);
			runOnlyForDeploymentPostprocessing = 0;
		};
		FB1BFA452082698600E4A724 /* Sources */ = {
			isa = PBXSourcesBuildPhase;
			buildActionMask = 2147483647;
			files = (
				FB1BFA4E2082698600E4A724 /* fourwordreviewsTests.swift in Sources */,
			);
			runOnlyForDeploymentPostprocessing = 0;
		};
/* End PBXSourcesBuildPhase section */

/* Begin PBXTargetDependency section */
		FB1BFA4B2082698600E4A724 /* PBXTargetDependency */ = {
			isa = PBXTargetDependency;
			target = FB1BFA342082698400E4A724 /* fourwordreviews */;
			targetProxy = FB1BFA4A2082698600E4A724 /* PBXContainerItemProxy */;
		};
/* End PBXTargetDependency section */

/* Begin PBXVariantGroup section */
		FB1BFA3C2082698400E4A724 /* Main.storyboard */ = {
			isa = PBXVariantGroup;
			children = (
				FB1BFA3D2082698400E4A724 /* Base */,
			);
			name = Main.storyboard;
			sourceTree = "<group>";
		};
		FB1BFA412082698600E4A724 /* LaunchScreen.storyboard */ = {
			isa = PBXVariantGroup;
			children = (
				FB1BFA422082698600E4A724 /* Base */,
			);
			name = LaunchScreen.storyboard;
			sourceTree = "<group>";
		};
/* End PBXVariantGroup section */

/* Begin XCBuildConfiguration section */
		FB1BFA502082698600E4A724 /* Debug */ = {
			isa = XCBuildConfiguration;
			buildSettings = {
				ALWAYS_SEARCH_USER_PATHS = NO;
				CLANG_ANALYZER_NONNULL = YES;
				CLANG_ANALYZER_NUMBER_OBJECT_CONVERSION = YES_AGGRESSIVE;
				CLANG_CXX_LANGUAGE_STANDARD = "gnu++14";
				CLANG_CXX_LIBRARY = "libc++";
				CLANG_ENABLE_MODULES = YES;
				CLANG_ENABLE_OBJC_ARC = YES;
				CLANG_ENABLE_OBJC_WEAK = YES;
				CLANG_WARN_BLOCK_CAPTURE_AUTORELEASING = YES;
				CLANG_WARN_BOOL_CONVERSION = YES;
				CLANG_WARN_COMMA = YES;
				CLANG_WARN_CONSTANT_CONVERSION = YES;
				CLANG_WARN_DEPRECATED_OBJC_IMPLEMENTATIONS = YES;
				CLANG_WARN_DIRECT_OBJC_ISA_USAGE = YES_ERROR;
				CLANG_WARN_DOCUMENTATION_COMMENTS = YES;
				CLANG_WARN_EMPTY_BODY = YES;
				CLANG_WARN_ENUM_CONVERSION = YES;
				CLANG_WARN_INFINITE_RECURSION = YES;
				CLANG_WARN_INT_CONVERSION = YES;
				CLANG_WARN_NON_LITERAL_NULL_CONVERSION = YES;
				CLANG_WARN_OBJC_IMPLICIT_RETAIN_SELF = YES;
				CLANG_WARN_OBJC_LITERAL_CONVERSION = YES;
				CLANG_WARN_OBJC_ROOT_CLASS = YES_ERROR;
				CLANG_WARN_RANGE_LOOP_ANALYSIS = YES;
				CLANG_WARN_STRICT_PROTOTYPES = YES;
				CLANG_WARN_SUSPICIOUS_MOVE = YES;
				CLANG_WARN_UNGUARDED_AVAILABILITY = YES_AGGRESSIVE;
				CLANG_WARN_UNREACHABLE_CODE = YES;
				CLANG_WARN__DUPLICATE_METHOD_MATCH = YES;
				CODE_SIGN_IDENTITY = "iPhone Developer";
				COPY_PHASE_STRIP = NO;
				DEBUG_INFORMATION_FORMAT = dwarf;
				ENABLE_STRICT_OBJC_MSGSEND = YES;
				ENABLE_TESTABILITY = YES;
				GCC_C_LANGUAGE_STANDARD = gnu11;
				GCC_DYNAMIC_NO_PIC = NO;
				GCC_NO_COMMON_BLOCKS = YES;
				GCC_OPTIMIZATION_LEVEL = 0;
				GCC_PREPROCESSOR_DEFINITIONS = (
					"DEBUG=1",
					"$(inherited)",
				);
				GCC_WARN_64_TO_32_BIT_CONVERSION = YES;
				GCC_WARN_ABOUT_RETURN_TYPE = YES_ERROR;
				GCC_WARN_UNDECLARED_SELECTOR = YES;
				GCC_WARN_UNINITIALIZED_AUTOS = YES_AGGRESSIVE;
				GCC_WARN_UNUSED_FUNCTION = YES;
				GCC_WARN_UNUSED_VARIABLE = YES;
				IPHONEOS_DEPLOYMENT_TARGET = 11.3;
				MTL_ENABLE_DEBUG_INFO = YES;
				ONLY_ACTIVE_ARCH = YES;
				SDKROOT = iphoneos;
				SWIFT_ACTIVE_COMPILATION_CONDITIONS = DEBUG;
				SWIFT_OPTIMIZATION_LEVEL = "-Onone";
			};
			name = Debug;
		};
		FB1BFA512082698600E4A724 /* Release */ = {
			isa = XCBuildConfiguration;
			buildSettings = {
				ALWAYS_SEARCH_USER_PATHS = NO;
				CLANG_ANALYZER_NONNULL = YES;
				CLANG_ANALYZER_NUMBER_OBJECT_CONVERSION = YES_AGGRESSIVE;
				CLANG_CXX_LANGUAGE_STANDARD = "gnu++14";
				CLANG_CXX_LIBRARY = "libc++";
				CLANG_ENABLE_MODULES = YES;
				CLANG_ENABLE_OBJC_ARC = YES;
				CLANG_ENABLE_OBJC_WEAK = YES;
				CLANG_WARN_BLOCK_CAPTURE_AUTORELEASING = YES;
				CLANG_WARN_BOOL_CONVERSION = YES;
				CLANG_WARN_COMMA = YES;
				CLANG_WARN_CONSTANT_CONVERSION = YES;
				CLANG_WARN_DEPRECATED_OBJC_IMPLEMENTATIONS = YES;
				CLANG_WARN_DIRECT_OBJC_ISA_USAGE = YES_ERROR;
				CLANG_WARN_DOCUMENTATION_COMMENTS = YES;
				CLANG_WARN_EMPTY_BODY = YES;
				CLANG_WARN_ENUM_CONVERSION = YES;
				CLANG_WARN_INFINITE_RECURSION = YES;
				CLANG_WARN_INT_CONVERSION = YES;
				CLANG_WARN_NON_LITERAL_NULL_CONVERSION = YES;
				CLANG_WARN_OBJC_IMPLICIT_RETAIN_SELF = YES;
				CLANG_WARN_OBJC_LITERAL_CONVERSION = YES;
				CLANG_WARN_OBJC_ROOT_CLASS = YES_ERROR;
				CLANG_WARN_RANGE_LOOP_ANALYSIS = YES;
				CLANG_WARN_STRICT_PROTOTYPES = YES;
				CLANG_WARN_SUSPICIOUS_MOVE = YES;
				CLANG_WARN_UNGUARDED_AVAILABILITY = YES_AGGRESSIVE;
				CLANG_WARN_UNREACHABLE_CODE = YES;
				CLANG_WARN__DUPLICATE_METHOD_MATCH = YES;
				CODE_SIGN_IDENTITY = "iPhone Developer";
				COPY_PHASE_STRIP = NO;
				DEBUG_INFORMATION_FORMAT = "dwarf-with-dsym";
				ENABLE_NS_ASSERTIONS = NO;
				ENABLE_STRICT_OBJC_MSGSEND = YES;
				GCC_C_LANGUAGE_STANDARD = gnu11;
				GCC_NO_COMMON_BLOCKS = YES;
				GCC_WARN_64_TO_32_BIT_CONVERSION = YES;
				GCC_WARN_ABOUT_RETURN_TYPE = YES_ERROR;
				GCC_WARN_UNDECLARED_SELECTOR = YES;
				GCC_WARN_UNINITIALIZED_AUTOS = YES_AGGRESSIVE;
				GCC_WARN_UNUSED_FUNCTION = YES;
				GCC_WARN_UNUSED_VARIABLE = YES;
				IPHONEOS_DEPLOYMENT_TARGET = 11.3;
				MTL_ENABLE_DEBUG_INFO = NO;
				SDKROOT = iphoneos;
				SWIFT_COMPILATION_MODE = wholemodule;
				SWIFT_OPTIMIZATION_LEVEL = "-O";
				VALIDATE_PRODUCT = YES;
			};
			name = Release;
		};
		FB1BFA532082698600E4A724 /* Debug */ = {
			isa = XCBuildConfiguration;
			baseConfigurationReference = EE6824B12A8BE9417AE863C3 /* Pods-fourwordreviews.debug.xcconfig */;
			buildSettings = {
				ASSETCATALOG_COMPILER_APPICON_NAME = AppIcon;
				CODE_SIGN_STYLE = Automatic;
				INFOPLIST_FILE = fourwordreviews/Info.plist;
				LD_RUNPATH_SEARCH_PATHS = (
					"$(inherited)",
					"@executable_path/Frameworks",
				);
				PRODUCT_BUNDLE_IDENTIFIER = com.bibrown.fourwordreviews;
				PRODUCT_NAME = "$(TARGET_NAME)";
				SWIFT_VERSION = 4.0;
				TARGETED_DEVICE_FAMILY = "1,2";
			};
			name = Debug;
		};
		FB1BFA542082698600E4A724 /* Release */ = {
			isa = XCBuildConfiguration;
			baseConfigurationReference = 005480B614E92F11A60A8C75 /* Pods-fourwordreviews.release.xcconfig */;
			buildSettings = {
				ASSETCATALOG_COMPILER_APPICON_NAME = AppIcon;
				CODE_SIGN_STYLE = Automatic;
				INFOPLIST_FILE = fourwordreviews/Info.plist;
				LD_RUNPATH_SEARCH_PATHS = (
					"$(inherited)",
					"@executable_path/Frameworks",
				);
				PRODUCT_BUNDLE_IDENTIFIER = com.bibrown.fourwordreviews;
				PRODUCT_NAME = "$(TARGET_NAME)";
				SWIFT_VERSION = 4.0;
				TARGETED_DEVICE_FAMILY = "1,2";
			};
			name = Release;
		};
		FB1BFA562082698600E4A724 /* Debug */ = {
			isa = XCBuildConfiguration;
			baseConfigurationReference = 731E0E129528EC0A544DC509 /* Pods-fourwordreviewsTests.debug.xcconfig */;
			buildSettings = {
				ALWAYS_EMBED_SWIFT_STANDARD_LIBRARIES = YES;
				BUNDLE_LOADER = "$(TEST_HOST)";
				CODE_SIGN_STYLE = Automatic;
				INFOPLIST_FILE = fourwordreviewsTests/Info.plist;
				LD_RUNPATH_SEARCH_PATHS = (
					"$(inherited)",
					"@executable_path/Frameworks",
					"@loader_path/Frameworks",
				);
				PRODUCT_BUNDLE_IDENTIFIER = com.bibrown.fourwordreviewsTests;
				PRODUCT_NAME = "$(TARGET_NAME)";
				SWIFT_VERSION = 4.0;
				TARGETED_DEVICE_FAMILY = "1,2";
				TEST_HOST = "$(BUILT_PRODUCTS_DIR)/fourwordreviews.app/fourwordreviews";
			};
			name = Debug;
		};
		FB1BFA572082698600E4A724 /* Release */ = {
			isa = XCBuildConfiguration;
			baseConfigurationReference = F2F55488A13CDEAD6FA8F03E /* Pods-fourwordreviewsTests.release.xcconfig */;
			buildSettings = {
				ALWAYS_EMBED_SWIFT_STANDARD_LIBRARIES = YES;
				BUNDLE_LOADER = "$(TEST_HOST)";
				CODE_SIGN_STYLE = Automatic;
				INFOPLIST_FILE = fourwordreviewsTests/Info.plist;
				LD_RUNPATH_SEARCH_PATHS = (
					"$(inherited)",
					"@executable_path/Frameworks",
					"@loader_path/Frameworks",
				);
				PRODUCT_BUNDLE_IDENTIFIER = com.bibrown.fourwordreviewsTests;
				PRODUCT_NAME = "$(TARGET_NAME)";
				SWIFT_VERSION = 4.0;
				TARGETED_DEVICE_FAMILY = "1,2";
				TEST_HOST = "$(BUILT_PRODUCTS_DIR)/fourwordreviews.app/fourwordreviews";
			};
			name = Release;
		};
/* End XCBuildConfiguration section */

/* Begin XCConfigurationList section */
		FB1BFA302082698400E4A724 /* Build configuration list for PBXProject "fourwordreviews" */ = {
			isa = XCConfigurationList;
			buildConfigurations = (
				FB1BFA502082698600E4A724 /* Debug */,
				FB1BFA512082698600E4A724 /* Release */,
			);
			defaultConfigurationIsVisible = 0;
			defaultConfigurationName = Release;
		};
		FB1BFA522082698600E4A724 /* Build configuration list for PBXNativeTarget "fourwordreviews" */ = {
			isa = XCConfigurationList;
			buildConfigurations = (
				FB1BFA532082698600E4A724 /* Debug */,
				FB1BFA542082698600E4A724 /* Release */,
			);
			defaultConfigurationIsVisible = 0;
			defaultConfigurationName = Release;
		};
		FB1BFA552082698600E4A724 /* Build configuration list for PBXNativeTarget "fourwordreviewsTests" */ = {
			isa = XCConfigurationList;
			buildConfigurations = (
				FB1BFA562082698600E4A724 /* Debug */,
				FB1BFA572082698600E4A724 /* Release */,
			);
			defaultConfigurationIsVisible = 0;
			defaultConfigurationName = Release;
		};
/* End XCConfigurationList section */
	};
	rootObject = FB1BFA2D2082698400E4A724 /* Project object */;
}
